PODS:
  - Flutter (1.0.0)
  - integration_test (0.0.1):
    - Flutter
  - ngenius_flutter_sdk (0.0.1):
    - Flutter
    - NISdk
  - NISdk (5.1.6)

DEPENDENCIES:
  - Flutter (from `Flutter`)
  - integration_test (from `.symlinks/plugins/integration_test/ios`)
  - ngenius_flutter_sdk (from `.symlinks/plugins/ngenius_flutter_sdk/ios`)

SPEC REPOS:
  trunk:
    - NISdk

EXTERNAL SOURCES:
  Flutter:
    :path: Flutter
  integration_test:
    :path: ".symlinks/plugins/integration_test/ios"
  ngenius_flutter_sdk:
    :path: ".symlinks/plugins/ngenius_flutter_sdk/ios"

SPEC CHECKSUMS:
  Flutter: cabc95a1d2626b1b06e7179b784ebcf0c0cde467
  integration_test: 4a889634ef21a45d28d50d622cf412dc6d9f586e
  ngenius_flutter_sdk: 7fe23822aa5184718d70ffd99bd34148bb80b604
  NISdk: 6ea36e626a0407fe01e6185b4b536af3b1fd4d9f

PODFILE CHECKSUM: 9c46fd01abff66081b39f5fa5767b3f1d0b11d76

COCOAPODS: 1.16.2
